---
lockfileVersion: '9.0'

importers:

  .:
    configDependencies: {}
    packageManagerDependencies:
      '@pnpm/exe':
        specifier: ^11.1.1
        version: 11.9.0
      pnpm:
        specifier: ^11.1.1
        version: 11.9.0

packages:

  '@pnpm/exe@11.9.0':
    resolution: {integrity: sha512-pPPOpR79qW3nsNhlyDIdfstli4Bi78mk8r22ySxpFRwMbO8KXSjGrVzGmJBsVX39NnJTh7/WADj527nZhG9H9g==}
    hasBin: true

  '@pnpm/linux-arm64@11.9.0':
    resolution: {integrity: sha512-XYmY2qadHauBA3QaHi2R7fI6kt5Flje0WHz9MVrbH0kVH/XLpfOLnwPeE1+EX6K/nDa2CBvzp35VjYCNGFJa9A==}
    cpu: [arm64]
    os: [linux]

  '@pnpm/linux-x64@11.9.0':
    resolution: {integrity: sha512-fl7W5imnSmmgXIqMQFZ/rPaVvk9OkKF8/anqHZE3XEDfWcn3BlWGndyOEas/JN7u2BXWYjs63DJZ3rnG6WOhLA==}
    cpu: [x64]
    os: [linux]

  '@pnpm/linuxstatic-arm64@11.9.0':
    resolution: {integrity: sha512-fif8xbnzVEAIlvaU4yIgWKXeXYb4Kj6WMEl/KvM2x1Rp3AKAjBW/53SGzxO4cZP9doAqUzOIpMRGFVbHGeMDRw==}
    cpu: [arm64]
    os: [linux]
    libc: [musl]

  '@pnpm/linuxstatic-x64@11.9.0':
    resolution: {integrity: sha512-9dKu3QdShqOpnWrjW9owARpIJeP0ul8UgIIbBUv8VDGEYibt+g49zQsNaD7SdMD3WeRSjExPQ1zIhplzr5cwvQ==}
    cpu: [x64]
    os: [linux]
    libc: [musl]

  '@pnpm/macos-arm64@11.9.0':
    resolution: {integrity: sha512-MWzBTgeI5p3odjdVltYvFXaSWAjF2Xk5YaxiP/u2RmW8N6PHsLyIyj37Ds992CrXgFM8fO1RpvsEirozhsD6KA==}
    cpu: [arm64]
    os: [darwin]

  '@pnpm/win-arm64@11.9.0':
    resolution: {integrity: sha512-u/QxEcbKJZxC1t3zUYCZiHzu7TaZ/iXc6EGZoQjkeVT0LXmEVR6ypcK3ByjhIqbxQ3HGX75gnpIpR+VjRjubfw==}
    cpu: [arm64]
    os: [win32]

  '@pnpm/win-x64@11.9.0':
    resolution: {integrity: sha512-HqJVHmZG5UKfLi38AjMl2azVmq87TlWRhwSW+f4q9LLaZeAkFyIZ7LY/pN6mh4VlH9yWj90C+tsb1yKiy7OKnw==}
    cpu: [x64]
    os: [win32]

  '@reflink/reflink-darwin-arm64@0.1.19':
    resolution: {integrity: sha512-ruy44Lpepdk1FqDz38vExBY/PVUsjxZA+chd9wozjUH9JjuDT/HEaQYA6wYN9mf041l0yLVar6BCZuWABJvHSA==}
    engines: {node: '>= 10'}
    cpu: [arm64]
    os: [darwin]

  '@reflink/reflink-darwin-x64@0.1.19':
    resolution: {integrity: sha512-By85MSWrMZa+c26TcnAy8SDk0sTUkYlNnwknSchkhHpGXOtjNDUOxJE9oByBnGbeuIE1PiQsxDG3Ud+IVV9yuA==}
    engines: {node: '>= 10'}
    cpu: [x64]
    os: [darwin]

  '@reflink/reflink-linux-arm64-gnu@0.1.19':
    resolution: {integrity: sha512-7P+er8+rP9iNeN+bfmccM4hTAaLP6PQJPKWSA4iSk2bNvo6KU6RyPgYeHxXmzNKzPVRcypZQTpFgstHam6maVg==}
    engines: {node: '>= 10'}
    cpu: [arm64]
    os: [linux]
    libc: [glibc]

  '@reflink/reflink-linux-arm64-musl@0.1.19':
    resolution: {integrity: sha512-37iO/Dp6m5DDaC2sf3zPtx/hl9FV3Xze4xoYidrxxS9bgP3S8ALroxRK6xBG/1TtfXKTvolvp+IjrUU6ujIGmA==}
    engines: {node: '>= 10'}
    cpu: [arm64]
    os: [linux]
    libc: [musl]

  '@reflink/reflink-linux-x64-gnu@0.1.19':
    resolution: {integrity: sha512-jbI8jvuYCaA3MVUdu8vLoLAFqC+iNMpiSuLbxlAgg7x3K5bsS8nOpTRnkLF7vISJ+rVR8W+7ThXlXlUQ93ulkw==}
    engines: {node: '>= 10'}
    cpu: [x64]
    os: [linux]
    libc: [glibc]

  '@reflink/reflink-linux-x64-musl@0.1.19':
    resolution: {integrity: sha512-e9FBWDe+lv7QKAwtKOt6A2W/fyy/aEEfr0g6j/hWzvQcrzHCsz07BNQYlNOjTfeytrtLU7k449H1PI95jA4OjQ==}
    engines: {node: '>= 10'}
    cpu: [x64]
    os: [linux]
    libc: [musl]

  '@reflink/reflink-win32-arm64-msvc@0.1.19':
    resolution: {integrity: sha512-09PxnVIQcd+UOn4WAW73WU6PXL7DwGS6wPlkMhMg2zlHHG65F3vHepOw06HFCq+N42qkaNAc8AKIabWvtk6cIQ==}
    engines: {node: '>= 10'}
    cpu: [arm64]
    os: [win32]

  '@reflink/reflink-win32-x64-msvc@0.1.19':
    resolution: {integrity: sha512-E//yT4ni2SyhwP8JRjVGWr3cbnhWDiPLgnQ66qqaanjjnMiu3O/2tjCPQXlcGc/DEYofpDc9fvhv6tALQsMV9w==}
    engines: {node: '>= 10'}
    cpu: [x64]
    os: [win32]

  '@reflink/reflink@0.1.19':
    resolution: {integrity: sha512-DmCG8GzysnCZ15bres3N5AHCmwBwYgp0As6xjhQ47rAUTUXxJiK+lLUxaGsX3hd/30qUpVElh05PbGuxRPgJwA==}
    engines: {node: '>= 10'}

  detect-libc@2.1.2:
    resolution: {integrity: sha512-Btj2BOOO83o3WyH59e8MgXsxEQVcarkUOpEYrubB0urwnN10yQ364rsiByU11nZlqWYZm05i/of7io4mzihBtQ==}
    engines: {node: '>=8'}

  pnpm@11.9.0:
    resolution: {integrity: sha512-vWgtXQP+Ul73yf1ngMaITR51asTJyf4AxTh4KCQxDc+Q493E9Tg18G3669UIXkGFXgvLs7YN4qxburieUDbwOw==}
    engines: {node: '>=22.13'}
    hasBin: true

snapshots:

  '@pnpm/exe@11.9.0':
    dependencies:
      '@reflink/reflink': 0.1.19
      detect-libc: 2.1.2
    optionalDependencies:
      '@pnpm/linux-arm64': 11.9.0
      '@pnpm/linux-x64': 11.9.0
      '@pnpm/linuxstatic-arm64': 11.9.0
      '@pnpm/linuxstatic-x64': 11.9.0
      '@pnpm/macos-arm64': 11.9.0
      '@pnpm/win-arm64': 11.9.0
      '@pnpm/win-x64': 11.9.0

  '@pnpm/linux-arm64@11.9.0':
    optional: true

  '@pnpm/linux-x64@11.9.0':
    optional: true

  '@pnpm/linuxstatic-arm64@11.9.0':
    optional: true

  '@pnpm/linuxstatic-x64@11.9.0':
    optional: true

  '@pnpm/macos-arm64@11.9.0':
    optional: true

  '@pnpm/win-arm64@11.9.0':
    optional: true

  '@pnpm/win-x64@11.9.0':
    optional: true

  '@reflink/reflink-darwin-arm64@0.1.19':
    optional: true

  '@reflink/reflink-darwin-x64@0.1.19':
    optional: true

  '@reflink/reflink-linux-arm64-gnu@0.1.19':
    optional: true

  '@reflink/reflink-linux-arm64-musl@0.1.19':
    optional: true

  '@reflink/reflink-linux-x64-gnu@0.1.19':
    optional: true

  '@reflink/reflink-linux-x64-musl@0.1.19':
    optional: true

  '@reflink/reflink-win32-arm64-msvc@0.1.19':
    optional: true

  '@reflink/reflink-win32-x64-msvc@0.1.19':
    optional: true

  '@reflink/reflink@0.1.19':
    optionalDependencies:
      '@reflink/reflink-darwin-arm64': 0.1.19
      '@reflink/reflink-darwin-x64': 0.1.19
      '@reflink/reflink-linux-arm64-gnu': 0.1.19
      '@reflink/reflink-linux-arm64-musl': 0.1.19
      '@reflink/reflink-linux-x64-gnu': 0.1.19
      '@reflink/reflink-linux-x64-musl': 0.1.19
      '@reflink/reflink-win32-arm64-msvc': 0.1.19
      '@reflink/reflink-win32-x64-msvc': 0.1.19

  detect-libc@2.1.2: {}

  pnpm@11.9.0: {}

---
lockfileVersion: '9.0'

settings:
  autoInstallPeers: true
  excludeLinksFromLockfile: false

importers:

  .:
    devDependencies:
      electron:
        specifier: ^42.4.1
        version: 42.4.1

packages:

  '@electron-internal/extract-zip@1.0.3':
    resolution: {integrity: sha512-OjKpjB7gohtEjZiq6nDx1egqjZJhGPN1iFOIED+NFhB/MMkXw/XRcHjh1DGXKT5z2W9eW7Jy2UKU3gpjvusFTQ==}
    engines: {node: '>=22.12.0'}

  '@electron/get@5.0.0':
    resolution: {integrity: sha512-pjoBpru1KdEtcExBnuHAP1cAc/5faoedw0hzJkL3o4/IJp7HNF1+fbrdxT3gMYRX2oJfvnA/WXeCTVQpYYxyJA==}
    engines: {node: '>=22.12.0'}

  '@types/node@24.13.2':
    resolution: {integrity: sha512-fRa09kZTgu8o71KFcDjUFuc7F+dEbZYZmkI0mg5YBTRs0yMKjYHsq/c0urDKeDb+D5qVgXOdFcuu+DZPKOITwA==}

  debug@4.4.3:
    resolution: {integrity: sha512-RGwwWnwQvkVfavKVt22FGLw+xYSdzARwm0ru6DhTVA3umU5hZc28V3kO4stgYryrTlLpuvgI9GiijltAjNbcqA==}
    engines: {node: '>=6.0'}
    peerDependencies:
      supports-color: '*'
    peerDependenciesMeta:
      supports-color:
        optional: true

  electron@42.4.1:
    resolution: {integrity: sha512-8CYHJP5O4wFO+ycoJR98yy907MmPeo+vWXrzjxmGGgRNKqv8pOjjm+wphO0CCgQJnBU7+QUPSJS4QXhbKrO50w==}
    engines: {node: '>= 22.12.0'}
    hasBin: true

  env-paths@3.0.0:
    resolution: {integrity: sha512-dtJUTepzMW3Lm/NPxRf3wP4642UWhjL2sQxc+ym2YMj1m/H2zDNQOlezafzkHwn6sMstjHTwG6iQQsctDW/b1A==}
    engines: {node: ^12.20.0 || ^14.13.1 || >=16.0.0}

  graceful-fs@4.2.11:
    resolution: {integrity: sha512-RbJ5/jmFcNNCcDV5o9eTnBLJ/HszWV0P73bc+Ff4nS/rJj+YaS6IGyiOL0VoBYX+l1Wrl3k63h/KrH+nhJ0XvQ==}

  ms@2.1.3:
    resolution: {integrity: sha512-6FlzubTLZG3J2a/NVCAleEhjzq5oxgHyaCU9yYXvcLsvoVaHJq/s5xXI6/XXP6tz7R9xAOtHnSO/tXtF3WRTlA==}

  progress@2.0.3:
    resolution: {integrity: sha512-7PiHtLll5LdnKIMw100I+8xJXR5gW2QwWYkT6iJva0bXitZKa/XMrSbdmg3r2Xnaidz9Qumd0VPaMrZlF9V9sA==}
    engines: {node: '>=0.4.0'}

  semver@7.8.5:
    resolution: {integrity: sha512-Y7/KDsb8LjooZpwaqGyulO6DQlksgCncchHGk+sZIY4SBvUocMBEFH5Ur1fI4dV+Jvl0w6cjvucaIi40puRioA==}
    engines: {node: '>=10'}
    hasBin: true

  sumchecker@3.0.1:
    resolution: {integrity: sha512-MvjXzkz/BOfyVDkG0oFOtBxHX2u3gKbMHIF/dXblZsgD3BWOFLmHovIpZY7BykJdAjcqRCBi1WYBNdEC9yI7vg==}
    engines: {node: '>= 8.0'}

  undici-types@7.18.2:
    resolution: {integrity: sha512-AsuCzffGHJybSaRrmr5eHr81mwJU3kjw6M+uprWvCXiNeN9SOGwQ3Jn8jb8m3Z6izVgknn1R0FTCEAP2QrLY/w==}

  undici@7.28.0:
    resolution: {integrity: sha512-cRZYrTDwWznlnRiPjggAGxZXanty6M8RV1ff8Wm4LWXBp7/IG8v5DnOm74DtUBp9OONpK75YlPnIjQqX0dBDtA==}
    engines: {node: '>=20.18.1'}

snapshots:

  '@electron-internal/extract-zip@1.0.3': {}

  '@electron/get@5.0.0':
    dependencies:
      debug: 4.4.3
      env-paths: 3.0.0
      graceful-fs: 4.2.11
      progress: 2.0.3
      semver: 7.8.5
      sumchecker: 3.0.1
    optionalDependencies:
      undici: 7.28.0
    transitivePeerDependencies:
      - supports-color

  '@types/node@24.13.2':
    dependencies:
      undici-types: 7.18.2

  debug@4.4.3:
    dependencies:
      ms: 2.1.3

  electron@42.4.1:
    dependencies:
      '@electron-internal/extract-zip': 1.0.3
      '@electron/get': 5.0.0
      '@types/node': 24.13.2
    transitivePeerDependencies:
      - supports-color

  env-paths@3.0.0: {}

  graceful-fs@4.2.11: {}

  ms@2.1.3: {}

  progress@2.0.3: {}

  semver@7.8.5: {}

  sumchecker@3.0.1:
    dependencies:
      debug: 4.4.3
    transitivePeerDependencies:
      - supports-color

  undici-types@7.18.2: {}

  undici@7.28.0:
    optional: true
